<?xml version="1.0" encoding="utf-8"?>
<Project ToolsVersion="4.0" xmlns="http://schemas.microsoft.com/developer/msbuild/2003">
  <ItemGroup>
    <Filter Include="Source Files">
      <UniqueIdentifier>{4FC737F1-C7A5-4376-A066-2A32D752A2FF}</UniqueIdentifier>
      <Extensions>cpp;c;cc;cxx;def;odl;idl;hpj;bat;asm;asmx</Extensions>
    </Filter>
    <Filter Include="Header Files">
      <UniqueIdentifier>{93995380-89BD-4b04-88EB-625FBE52EBFB}</UniqueIdentifier>
      <Extensions>h;hh;hpp;hxx;hm;inl;inc;xsd</Extensions>
    </Filter>
    <Filter Include="Resource Files">
      <UniqueIdentifier>{67DA6AB6-F800-4c08-8B7A-83BB121AAD01}</UniqueIdentifier>
      <Extensions>rc;ico;cur;bmp;dlg;rc2;rct;bin;rgs;gif;jpg;jpeg;jpe;resx;tiff;tif;png;wav;mfcribbon-ms</Extensions>
    </Filter>
    <Filter Include="Header Files\Engine">
      <UniqueIdentifier>{d5fddeb3-c2be-4c2f-a8cf-7f0b1d11c78a}</UniqueIdentifier>
    </Filter>
    <Filter Include="Source Files\Engine">
      <UniqueIdentifier>{42161b40-5554-4ae3-8d7d-0ae1cf954f07}</UniqueIdentifier>
    </Filter>
    <Filter Include="Header Files\Game">
      <UniqueIdentifier>{e5c5a2d1-3545-4570-92d7-e8ef95b3665b}</UniqueIdentifier>
    </Filter>
    <Filter Include="Source Files\Game">
      <UniqueIdentifier>{2b7d0059-777a-437b-b6d2-3b6c922b8e9f}</UniqueIdentifier>
    </Filter>
    <Filter Include="Resource Files\Shaders">
      <UniqueIdentifier>{80989588-ed6e-45aa-a369-04274694b5ec}</UniqueIdentifier>
    </Filter>
    <Filter Include="Resource Files\Textures">
      <UniqueIdentifier>{3a0936d7-ad90-471a-8915-4b19685acc73}</UniqueIdentifier>
    </Filter>
    <Filter Include="Header Files\Engine\Init">
      <UniqueIdentifier>{f7301f1f-afee-4e09-9246-d52736b6ef93}</UniqueIdentifier>
    </Filter>
    <Filter Include="Source Files\Engine\Init">
      <UniqueIdentifier>{41ebc821-6be3-4269-a6bf-404effb0827e}</UniqueIdentifier>
    </Filter>
    <Filter Include="Header Files\Engine\Managers">
      <UniqueIdentifier>{c8f1ead0-be1d-485b-8089-90192c0fe5bc}</UniqueIdentifier>
    </Filter>
    <Filter Include="Header Files\Engine\Rendering">
      <UniqueIdentifier>{e709353e-055d-448a-928c-a4f7df866c6f}</UniqueIdentifier>
    </Filter>
    <Filter Include="Header Files\Engine\Models">
      <UniqueIdentifier>{50c0251e-d678-4837-a369-8074e152c328}</UniqueIdentifier>
    </Filter>
    <Filter Include="Header Files\Engine\EngineInterfaces">
      <UniqueIdentifier>{6dc036ab-2041-49c1-85e3-aeee52f5dd96}</UniqueIdentifier>
    </Filter>
    <Filter Include="Source Files\Engine\Models">
      <UniqueIdentifier>{9e055ecd-e988-4c6b-9339-01058ec80cfe}</UniqueIdentifier>
    </Filter>
    <Filter Include="Source Files\Engine\Rendering">
      <UniqueIdentifier>{4eacb35f-5a38-4ec7-8775-394d54c51629}</UniqueIdentifier>
    </Filter>
    <Filter Include="Source Files\Engine\EngineInterfaces">
      <UniqueIdentifier>{325a0082-4bae-449f-ae41-dcfe22c1d863}</UniqueIdentifier>
    </Filter>
    <Filter Include="Source Files\Test">
      <UniqueIdentifier>{07cb220c-f122-4bda-ab9a-41a45590d181}</UniqueIdentifier>
    </Filter>
    <Filter Include="Source Files\Test\EngineInterfaces">
      <UniqueIdentifier>{114de926-6144-44b2-a41b-96450306c314}</UniqueIdentifier>
    </Filter>
    <Filter Include="Header Files\Engine\Structs">
      <UniqueIdentifier>{65b89952-e946-412e-b96e-b88e3b5e19fb}</UniqueIdentifier>
    </Filter>
    <Filter Include="Source Files\Engine\Managers">
      <UniqueIdentifier>{c5b03b84-4dbf-49c2-b583-9c1d6054112d}</UniqueIdentifier>
    </Filter>
    <Filter Include="Header Files\Test">
      <UniqueIdentifier>{df1b33e9-6f92-4e0a-998f-9f64e9542806}</UniqueIdentifier>
    </Filter>
    <Filter Include="Header Files\Test\EngineInterfaces">
      <UniqueIdentifier>{c2dc475b-6b8f-45ed-9319-c5a0931df51f}</UniqueIdentifier>
    </Filter>
  </ItemGroup>
  <ItemGroup>
    <ClCompile Include="InitGlew.cpp">
      <Filter>Source Files\Engine\Init</Filter>
    </ClCompile>
    <ClCompile Include="InitGlut.cpp">
      <Filter>Source Files\Engine\Init</Filter>
    </ClCompile>
    <ClCompile Include="CameraManager.cpp">
      <Filter>Source Files\Engine\Managers</Filter>
    </ClCompile>
    <ClCompile Include="ModelsManager.cpp">
      <Filter>Source Files\Engine\Managers</Filter>
    </ClCompile>
    <ClCompile Include="ShaderManager.cpp">
      <Filter>Source Files\Engine\Managers</Filter>
    </ClCompile>
    <ClCompile Include="Model.cpp">
      <Filter>Source Files\Engine\Models</Filter>
    </ClCompile>
    <ClCompile Include="TexturedCube.cpp">
      <Filter>Source Files\Engine\Models</Filter>
    </ClCompile>
    <ClCompile Include="TextureLoader.cpp">
      <Filter>Source Files\Engine\Rendering</Filter>
    </ClCompile>
    <ClCompile Include="ISceneListener.cpp">
      <Filter>Source Files\Engine\EngineInterfaces</Filter>
    </ClCompile>
    <ClCompile Include="main.cpp">
      <Filter>Source Files</Filter>
    </ClCompile>
    <ClCompile Include="EngineTest.cpp">
      <Filter>Source Files\Test</Filter>
    </ClCompile>
    <ClCompile Include="TSceneListener.cpp">
      <Filter>Source Files\Test\EngineInterfaces</Filter>
    </ClCompile>
    <ClCompile Include="Engine.cpp">
      <Filter>Source Files\Engine\Init</Filter>
    </ClCompile>
    <ClCompile Include="TexturedTetra.cpp">
      <Filter>Source Files\Engine\Models</Filter>
    </ClCompile>
    <ClCompile Include="TexturedSphere.cpp">
      <Filter>Source Files\Engine\Models</Filter>
    </ClCompile>
    <ClCompile Include="SpaceSimulator.cpp">
      <Filter>Source Files\Game</Filter>
    </ClCompile>
    <ClCompile Include="SpaceListener.cpp">
      <Filter>Source Files\Game</Filter>
    </ClCompile>
    <ClCompile Include="Planet.cpp">
      <Filter>Source Files\Game</Filter>
    </ClCompile>
    <ClCompile Include="Physics.cpp">
      <Filter>Source Files\Game</Filter>
    </ClCompile>
    <ClCompile Include="SimpleLine.cpp">
      <Filter>Source Files\Engine\Models</Filter>
    </ClCompile>
    <ClCompile Include="PVector3.cpp">
      <Filter>Source Files\Game</Filter>
    </ClCompile>
  </ItemGroup>
  <ItemGroup>
    <None Include="packages.config" />
    <None Include="Texture_Fragment_Shader.glsl">
      <Filter>Resource Files\Shaders</Filter>
    </None>
    <None Include="Texture_Vertex_Shader.glsl">
      <Filter>Resource Files\Shaders</Filter>
    </None>
    <None Include="Sphere_Fragment_Shader.glsl">
      <Filter>Resource Files\Shaders</Filter>
    </None>
    <None Include="Sphere_Vertex_Shader.glsl">
      <Filter>Resource Files\Shaders</Filter>
    </None>
  </ItemGroup>
  <ItemGroup>
    <ClInclude Include="FrameBufferInfo.h">
      <Filter>Header Files\Engine\Init</Filter>
    </ClInclude>
    <ClInclude Include="InitGlew.h">
      <Filter>Header Files\Engine\Init</Filter>
    </ClInclude>
    <ClInclude Include="InitGlut.h">
      <Filter>Header Files\Engine\Init</Filter>
    </ClInclude>
    <ClInclude Include="ContextInfo.h">
      <Filter>Header Files\Engine\Init</Filter>
    </ClInclude>
    <ClInclude Include="WindowInfo.h">
      <Filter>Header Files\Engine\Init</Filter>
    </ClInclude>
    <ClInclude Include="TextureLoader.h">
      <Filter>Header Files\Engine\Rendering</Filter>
    </ClInclude>
    <ClInclude Include="BMPHeaders.h">
      <Filter>Header Files\Engine\Rendering</Filter>
    </ClInclude>
    <ClInclude Include="CameraManager.h">
      <Filter>Header Files\Engine\Managers</Filter>
    </ClInclude>
    <ClInclude Include="ShaderManager.h">
      <Filter>Header Files\Engine\Managers</Filter>
    </ClInclude>
    <ClInclude Include="ISceneListener.h">
      <Filter>Header Files\Engine\EngineInterfaces</Filter>
    </ClInclude>
    <ClInclude Include="ModelsManager.h">
      <Filter>Header Files\Engine\Managers</Filter>
    </ClInclude>
    <ClInclude Include="DebugOutput.h">
      <Filter>Header Files\Engine\Init</Filter>
    </ClInclude>
    <ClInclude Include="SpaceSimulator.h">
      <Filter>Header Files\Game</Filter>
    </ClInclude>
    <ClInclude Include="Runnable.h">
      <Filter>Header Files</Filter>
    </ClInclude>
    <ClInclude Include="EngineTest.h">
      <Filter>Header Files\Test</Filter>
    </ClInclude>
    <ClInclude Include="TSceneListener.h">
      <Filter>Header Files\Test\EngineInterfaces</Filter>
    </ClInclude>
    <ClInclude Include="Model.h">
      <Filter>Header Files\Engine\Models</Filter>
    </ClInclude>
    <ClInclude Include="TexturedCube.h">
      <Filter>Header Files\Engine\Models</Filter>
    </ClInclude>
    <ClInclude Include="Engine.h">
      <Filter>Header Files\Engine\Init</Filter>
    </ClInclude>
    <ClInclude Include="TexturedTetra.h">
      <Filter>Header Files\Engine\Models</Filter>
    </ClInclude>
    <ClInclude Include="TexturedSphere.h">
      <Filter>Header Files\Engine\Models</Filter>
    </ClInclude>
    <ClInclude Include="VertexFormat.h">
      <Filter>Header Files\Engine\Structs</Filter>
    </ClInclude>
    <ClInclude Include="SpaceListener.h">
      <Filter>Header Files\Game</Filter>
    </ClInclude>
    <ClInclude Include="Planet.h">
      <Filter>Header Files\Game</Filter>
    </ClInclude>
    <ClInclude Include="PlanetAtributes.h">
      <Filter>Header Files\Game</Filter>
    </ClInclude>
    <ClInclude Include="Physics.h">
      <Filter>Header Files\Game</Filter>
    </ClInclude>
    <ClInclude Include="SimpleLine.h">
      <Filter>Header Files\Engine\Models</Filter>
    </ClInclude>
    <ClInclude Include="PVector3.h">
      <Filter>Header Files\Game</Filter>
    </ClInclude>
  </ItemGroup>
  <ItemGroup>
    <Image Include="SmileTexture.bmp">
      <Filter>Resource Files\Textures</Filter>
    </Image>
    <Image Include="Crate.bmp">
      <Filter>Resource Files\Textures</Filter>
    </Image>
    <Image Include="Blue.bmp">
      <Filter>Resource Files\Textures</Filter>
    </Image>
    <Image Include="EarthTexture.bmp">
      <Filter>Resource Files\Textures</Filter>
    </Image>
  </ItemGroup>
  <ItemGroup>
    <ResourceCompile Include="SpaceSimulator.rc">
      <Filter>Resource Files</Filter>
    </ResourceCompile>
  </ItemGroup>
</Project>